
Microsoft Visual Studio Solution File, Format Version 12.00
Project("{FAE04EC0-301F-11D3-BF4B-00C04F79EFBC}") = "Galaxy3D", "Galaxy3D\Galaxy3D.csproj", "{2BB73796-111E-4B80-AF16-2FC01E3BB363}"
EndProject
Global
	GlobalSection(SolutionConfigurationPlatforms) = preSolution
		Debug|Any CPU = Debug|Any CPU
		Release|Any CPU = Release|Any CPU
	EndGlobalSection
	GlobalSection(ProjectConfigurationPlatforms) = postSolution
		{2BB73796-111E-4B80-AF16-2FC01E3BB363}.Debug|Any CPU.ActiveCfg = Debug|Any CPU
		{2BB73796-111E-4B80-AF16-2FC01E3BB363}.Debug|Any CPU.Build.0 = Debug|Any CPU
		{2BB73796-111E-4B80-AF16-2FC01E3BB363}.Release|Any CPU.ActiveCfg = Release|Any CPU
		{2BB73796-111E-4B80-AF16-2FC01E3BB363}.Release|Any CPU.Build.0 = Release|Any CPU
	EndGlobalSection
EndGlobal
